
Microsoft Visual Studio Solution File, Format Version 12.00
# Visual Studio Version 16
VisualStudioVersion = 16.0.30523.141
MinimumVisualStudioVersion = 10.0.40219.1
Project("{FAE04EC0-301F-11D3-BF4B-00C04F79EFBC}") = "Simp", "Simp.csproj", "{31575E51-DC96-4882-A387-35E25FDD2771}"
EndProject
Global
	GlobalSection(SolutionConfigurationPlatforms) = preSolution
		Debug|Any CPU = Debug|Any CPU
		Release|Any CPU = Release|Any CPU
	EndGlobalSection
	GlobalSection(ProjectConfigurationPlatforms) = postSolution
		{31575E51-DC96-4882-A387-35E25FDD2771}.Debug|Any CPU.ActiveCfg = Debug|Any CPU
		{31575E51-DC96-4882-A387-35E25FDD2771}.Debug|Any CPU.Build.0 = Debug|Any CPU
		{31575E51-DC96-4882-A387-35E25FDD2771}.Release|Any CPU.ActiveCfg = Release|Any CPU
		{31575E51-DC96-4882-A387-35E25FDD2771}.Release|Any CPU.Build.0 = Release|Any CPU
	EndGlobalSection
	GlobalSection(SolutionProperties) = preSolution
		HideSolutionNode = FALSE
	EndGlobalSection
	GlobalSection(ExtensibilityGlobals) = postSolution
		SolutionGuid = {CF56FF16-F89C-41B5-822E-E1473188DCC3}
	EndGlobalSection
EndGlobal
